
Microsoft Visual Studio Solution File, Format Version 12.00
# Visual Studio Version 16
VisualStudioVersion = 16.0.30114.105
MinimumVisualStudioVersion = 10.0.40219.1
Project("{F184B08F-C81C-45F6-A57F-5ABD9991F28F}") = "numeros", "numeros\numeros.vbproj", "{E6593C34-964B-47EF-AC80-5823419B9938}"
EndProject
Global
	GlobalSection(SolutionConfigurationPlatforms) = preSolution
		Debug|Any CPU = Debug|Any CPU
		Release|Any CPU = Release|Any CPU
	EndGlobalSection
	GlobalSection(ProjectConfigurationPlatforms) = postSolution
		{E6593C34-964B-47EF-AC80-5823419B9938}.Debug|Any CPU.ActiveCfg = Debug|Any CPU
		{E6593C34-964B-47EF-AC80-5823419B9938}.Debug|Any CPU.Build.0 = Debug|Any CPU
		{E6593C34-964B-47EF-AC80-5823419B9938}.Release|Any CPU.ActiveCfg = Release|Any CPU
		{E6593C34-964B-47EF-AC80-5823419B9938}.Release|Any CPU.Build.0 = Release|Any CPU
	EndGlobalSection
	GlobalSection(SolutionProperties) = preSolution
		HideSolutionNode = FALSE
	EndGlobalSection
	GlobalSection(ExtensibilityGlobals) = postSolution
		SolutionGuid = {44FDCE7B-040D-4884-A55B-F5F92EE290EA}
	EndGlobalSection
EndGlobal
